
Microsoft Visual Studio Solution File, Format Version 12.00
# Visual Studio Version 17
VisualStudioVersion = 17.3.32922.545
MinimumVisualStudioVersion = 10.0.40219.1
Project("{8BC9CEB8-8B4A-11D0-8D11-00A0C91BC942}") = "OpenGL-code", "OpenGL-code.vcxproj", "{BFDE32B0-CA5B-4784-B5C5-DDD9F0884311}"
EndProject
Global
	GlobalSection(SolutionConfigurationPlatforms) = preSolution
		Debug|x64 = Debug|x64
		Debug|x86 = Debug|x86
		Release|x64 = Release|x64
		Release|x86 = Release|x86
	EndGlobalSection
	GlobalSection(ProjectConfigurationPlatforms) = postSolution
		{BFDE32B0-CA5B-4784-B5C5-DDD9F0884311}.Debug|x64.ActiveCfg = Debug|x64
		{BFDE32B0-CA5B-4784-B5C5-DDD9F0884311}.Debug|x64.Build.0 = Debug|x64
		{BFDE32B0-CA5B-4784-B5C5-DDD9F0884311}.Debug|x86.ActiveCfg = Debug|Win32
		{BFDE32B0-CA5B-4784-B5C5-DDD9F0884311}.Debug|x86.Build.0 = Debug|Win32
		{BFDE32B0-CA5B-4784-B5C5-DDD9F0884311}.Release|x64.ActiveCfg = Release|x64
		{BFDE32B0-CA5B-4784-B5C5-DDD9F0884311}.Release|x64.Build.0 = Release|x64
		{BFDE32B0-CA5B-4784-B5C5-DDD9F0884311}.Release|x86.ActiveCfg = Release|Win32
		{BFDE32B0-CA5B-4784-B5C5-DDD9F0884311}.Release|x86.Build.0 = Release|Win32
	EndGlobalSection
	GlobalSection(SolutionProperties) = preSolution
		HideSolutionNode = FALSE
	EndGlobalSection
	GlobalSection(ExtensibilityGlobals) = postSolution
		SolutionGuid = {BCB2A7D3-E37C-4663-BC70-85AD042809A2}
	EndGlobalSection
EndGlobal
